// !$*UTF8*$!
{
	archiveVersion = 1;
	classes = {
	};
	objectVersion = 46;
	objects = {

/* Begin PBXBuildFile section */
		365C6CE51B7E2D3C008D1368 /* main.m in Sources */ = {isa = PBXBuildFile; fileRef = 365C6CE41B7E2D3C008D1368 /* main.m */; };
		365C6CE81B7E2D3C008D1368 /* AppDelegate.m in Sources */ = {isa = PBXBuildFile; fileRef = 365C6CE71B7E2D3C008D1368 /* AppDelegate.m */; };
		365C6CEB1B7E2D3C008D1368 /* ViewController.m in Sources */ = {isa = PBXBuildFile; fileRef = 365C6CEA1B7E2D3C008D1368 /* ViewController.m */; };
		365C6CEE1B7E2D3C008D1368 /* Main.storyboard in Resources */ = {isa = PBXBuildFile; fileRef = 365C6CEC1B7E2D3C008D1368 /* Main.storyboard */; };
		365C6CF01B7E2D3C008D1368 /* Images.xcassets in Resources */ = {isa = PBXBuildFile; fileRef = 365C6CEF1B7E2D3C008D1368 /* Images.xcassets */; };
		365C6CF31B7E2D3C008D1368 /* LaunchScreen.xib in Resources */ = {isa = PBXBuildFile; fileRef = 365C6CF11B7E2D3C008D1368 /* LaunchScreen.xib */; };
		365C6CFF1B7E2D3C008D1368 /* FlatButtonTests.m in Sources */ = {isa = PBXBuildFile; fileRef = 365C6CFE1B7E2D3C008D1368 /* FlatButtonTests.m */; };
		365C6D0A1B7E2D68008D1368 /* FlatButton.m in Sources */ = {isa = PBXBuildFile; fileRef = 365C6D091B7E2D68008D1368 /* FlatButton.m */; };
/* End PBXBuildFile section */

/* Begin PBXContainerItemProxy section */
		365C6CF91B7E2D3C008D1368 /* PBXContainerItemProxy */ = {
			isa = PBXContainerItemProxy;
			containerPortal = 365C6CD71B7E2D3C008D1368 /* Project object */;
			proxyType = 1;
			remoteGlobalIDString = 365C6CDE1B7E2D3C008D1368;
			remoteInfo = FlatButton;
		};
/* End PBXContainerItemProxy section */

/* Begin PBXFileReference section */
		365C6CDF1B7E2D3C008D1368 /* FlatButton.app */ = {isa = PBXFileReference; explicitFileType = wrapper.application; includeInIndex = 0; path = FlatButton.app; sourceTree = BUILT_PRODUCTS_DIR; };
		365C6CE31B7E2D3C008D1368 /* Info.plist */ = {isa = PBXFileReference; lastKnownFileType = text.plist.xml; path = Info.plist; sourceTree = "<group>"; };
		365C6CE41B7E2D3C008D1368 /* main.m */ = {isa = PBXFileReference; lastKnownFileType = sourcecode.c.objc; path = main.m; sourceTree = "<group>"; };
		365C6CE61B7E2D3C008D1368 /* AppDelegate.h */ = {isa = PBXFileReference; lastKnownFileType = sourcecode.c.h; path = AppDelegate.h; sourceTree = "<group>"; };
		365C6CE71B7E2D3C008D1368 /* AppDelegate.m */ = {isa = PBXFileReference; lastKnownFileType = sourcecode.c.objc; path = AppDelegate.m; sourceTree = "<group>"; };
		365C6CE91B7E2D3C008D1368 /* ViewController.h */ = {isa = PBXFileReference; lastKnownFileType = sourcecode.c.h; path = ViewController.h; sourceTree = "<group>"; };
		365C6CEA1B7E2D3C008D1368 /* ViewController.m */ = {isa = PBXFileReference; lastKnownFileType = sourcecode.c.objc; path = ViewController.m; sourceTree = "<group>"; };
		365C6CED1B7E2D3C008D1368 /* Base */ = {isa = PBXFileReference; lastKnownFileType = file.storyboard; name = Base; path = Base.lproj/Main.storyboard; sourceTree = "<group>"; };
		365C6CEF1B7E2D3C008D1368 /* Images.xcassets */ = {isa = PBXFileReference; lastKnownFileType = folder.assetcatalog; path = Images.xcassets; sourceTree = "<group>"; };
		365C6CF21B7E2D3C008D1368 /* Base */ = {isa = PBXFileReference; lastKnownFileType = file.xib; name = Base; path = Base.lproj/LaunchScreen.xib; sourceTree = "<group>"; };
		365C6CF81B7E2D3C008D1368 /* FlatButtonTests.xctest */ = {isa = PBXFileReference; explicitFileType = wrapper.cfbundle; includeInIndex = 0; path = FlatButtonTests.xctest; sourceTree = BUILT_PRODUCTS_DIR; };
		365C6CFD1B7E2D3C008D1368 /* Info.plist */ = {isa = PBXFileReference; lastKnownFileType = text.plist.xml; path = Info.plist; sourceTree = "<group>"; };
		365C6CFE1B7E2D3C008D1368 /* FlatButtonTests.m */ = {isa = PBXFileReference; lastKnownFileType = sourcecode.c.objc; path = FlatButtonTests.m; sourceTree = "<group>"; };
		365C6D081B7E2D68008D1368 /* FlatButton.h */ = {isa = PBXFileReference; fileEncoding = 4; lastKnownFileType = sourcecode.c.h; path = FlatButton.h; sourceTree = "<group>"; };
		365C6D091B7E2D68008D1368 /* FlatButton.m */ = {isa = PBXFileReference; fileEncoding = 4; lastKnownFileType = sourcecode.c.objc; path = FlatButton.m; sourceTree = "<group>"; };
/* End PBXFileReference section */

/* Begin PBXFrameworksBuildPhase section */
		365C6CDC1B7E2D3C008D1368 /* Frameworks */ = {
			isa = PBXFrameworksBuildPhase;
			buildActionMask = 2147483647;
			files = (
			);
			runOnlyForDeploymentPostprocessing = 0;
		};
		365C6CF51B7E2D3C008D1368 /* Frameworks */ = {
			isa = PBXFrameworksBuildPhase;
			buildActionMask = 2147483647;
			files = (
			);
			runOnlyForDeploymentPostprocessing = 0;
		};
/* End PBXFrameworksBuildPhase section */

/* Begin PBXGroup section */
		363E164A1B7FF84100B59B3B /* FlatButton */ = {
			isa = PBXGroup;
			children = (
				365C6D081B7E2D68008D1368 /* FlatButton.h */,
				365C6D091B7E2D68008D1368 /* FlatButton.m */,
			);
			name = FlatButton;
			sourceTree = "<group>";
		};
		365C6CD61B7E2D3C008D1368 = {
			isa = PBXGroup;
			children = (
				365C6CE11B7E2D3C008D1368 /* FlatButton */,
				365C6CFB1B7E2D3C008D1368 /* FlatButtonTests */,
				365C6CE01B7E2D3C008D1368 /* Products */,
			);
			sourceTree = "<group>";
		};
		365C6CE01B7E2D3C008D1368 /* Products */ = {
			isa = PBXGroup;
			children = (
				365C6CDF1B7E2D3C008D1368 /* FlatButton.app */,
				365C6CF81B7E2D3C008D1368 /* FlatButtonTests.xctest */,
			);
			name = Products;
			sourceTree = "<group>";
		};
		365C6CE11B7E2D3C008D1368 /* FlatButton */ = {
			isa = PBXGroup;
			children = (
				365C6CE61B7E2D3C008D1368 /* AppDelegate.h */,
				365C6CE71B7E2D3C008D1368 /* AppDelegate.m */,
				365C6CE91B7E2D3C008D1368 /* ViewController.h */,
				365C6CEA1B7E2D3C008D1368 /* ViewController.m */,
				363E164A1B7FF84100B59B3B /* FlatButton */,
				365C6CEC1B7E2D3C008D1368 /* Main.storyboard */,
				365C6CEF1B7E2D3C008D1368 /* Images.xcassets */,
				365C6CF11B7E2D3C008D1368 /* LaunchScreen.xib */,
				365C6CE21B7E2D3C008D1368 /* Supporting Files */,
			);
			path = FlatButton;
			sourceTree = "<group>";
		};
		365C6CE21B7E2D3C008D1368 /* Supporting Files */ = {
			isa = PBXGroup;
			children = (
				365C6CE31B7E2D3C008D1368 /* Info.plist */,
				365C6CE41B7E2D3C008D1368 /* main.m */,
			);
			name = "Supporting Files";
			sourceTree = "<group>";
		};
		365C6CFB1B7E2D3C008D1368 /* FlatButtonTests */ = {
			isa = PBXGroup;
			children = (
				365C6CFE1B7E2D3C008D1368 /* FlatButtonTests.m */,
				365C6CFC1B7E2D3C008D1368 /* Supporting Files */,
			);
			path = FlatButtonTests;
			sourceTree = "<group>";
		};
		365C6CFC1B7E2D3C008D1368 /* Supporting Files */ = {
			isa = PBXGroup;
			children = (
				365C6CFD1B7E2D3C008D1368 /* Info.plist */,
			);
			name = "Supporting Files";
			sourceTree = "<group>";
		};
/* End PBXGroup section */

/* Begin PBXNativeTarget section */
		365C6CDE1B7E2D3C008D1368 /* FlatButton */ = {
			isa = PBXNativeTarget;
			buildConfigurationList = 365C6D021B7E2D3C008D1368 /* Build configuration list for PBXNativeTarget "FlatButton" */;
			buildPhases = (
				365C6CDB1B7E2D3C008D1368 /* Sources */,
				365C6CDC1B7E2D3C008D1368 /* Frameworks */,
				365C6CDD1B7E2D3C008D1368 /* Resources */,
			);
			buildRules = (
			);
			dependencies = (
			);
			name = FlatButton;
			productName = FlatButton;
			productReference = 365C6CDF1B7E2D3C008D1368 /* FlatButton.app */;
			productType = "com.apple.product-type.application";
		};
		365C6CF71B7E2D3C008D1368 /* FlatButtonTests */ = {
			isa = PBXNativeTarget;
			buildConfigurationList = 365C6D051B7E2D3C008D1368 /* Build configuration list for PBXNativeTarget "FlatButtonTests" */;
			buildPhases = (
				365C6CF41B7E2D3C008D1368 /* Sources */,
				365C6CF51B7E2D3C008D1368 /* Frameworks */,
				365C6CF61B7E2D3C008D1368 /* Resources */,
			);
			buildRules = (
			);
			dependencies = (
				365C6CFA1B7E2D3C008D1368 /* PBXTargetDependency */,
			);
			name = FlatButtonTests;
			productName = FlatButtonTests;
			productReference = 365C6CF81B7E2D3C008D1368 /* FlatButtonTests.xctest */;
			productType = "com.apple.product-type.bundle.unit-test";
		};
/* End PBXNativeTarget section */

/* Begin PBXProject section */
		365C6CD71B7E2D3C008D1368 /* Project object */ = {
			isa = PBXProject;
			attributes = {
				LastUpgradeCheck = 0640;
				ORGANIZATIONNAME = KentarOu;
				TargetAttributes = {
					365C6CDE1B7E2D3C008D1368 = {
						CreatedOnToolsVersion = 6.4;
					};
					365C6CF71B7E2D3C008D1368 = {
						CreatedOnToolsVersion = 6.4;
						TestTargetID = 365C6CDE1B7E2D3C008D1368;
					};
				};
			};
			buildConfigurationList = 365C6CDA1B7E2D3C008D1368 /* Build configuration list for PBXProject "FlatButton" */;
			compatibilityVersion = "Xcode 3.2";
			developmentRegion = English;
			hasScannedForEncodings = 0;
			knownRegions = (
				en,
				Base,
			);
			mainGroup = 365C6CD61B7E2D3C008D1368;
			productRefGroup = 365C6CE01B7E2D3C008D1368 /* Products */;
			projectDirPath = "";
			projectRoot = "";
			targets = (
				365C6CDE1B7E2D3C008D1368 /* FlatButton */,
				365C6CF71B7E2D3C008D1368 /* FlatButtonTests */,
			);
		};
/* End PBXProject section */

/* Begin PBXResourcesBuildPhase section */
		365C6CDD1B7E2D3C008D1368 /* Resources */ = {
			isa = PBXResourcesBuildPhase;
			buildActionMask = 2147483647;
			files = (
				365C6CEE1B7E2D3C008D1368 /* Main.storyboard in Resources */,
				365C6CF31B7E2D3C008D1368 /* LaunchScreen.xib in Resources */,
				365C6CF01B7E2D3C008D1368 /* Images.xcassets in Resources */,
			);
			runOnlyForDeploymentPostprocessing = 0;
		};
		365C6CF61B7E2D3C008D1368 /* Resources */ = {
			isa = PBXResourcesBuildPhase;
			buildActionMask = 2147483647;
			files = (
			);
			runOnlyForDeploymentPostprocessing = 0;
		};
/* End PBXResourcesBuildPhase section */

/* Begin PBXSourcesBuildPhase section */
		365C6CDB1B7E2D3C008D1368 /* Sources */ = {
			isa = PBXSourcesBuildPhase;
			buildActionMask = 2147483647;
			files = (
				365C6CEB1B7E2D3C008D1368 /* ViewController.m in Sources */,
				365C6CE81B7E2D3C008D1368 /* AppDelegate.m in Sources */,
				365C6D0A1B7E2D68008D1368 /* FlatButton.m in Sources */,
				365C6CE51B7E2D3C008D1368 /* main.m in Sources */,
			);
			runOnlyForDeploymentPostprocessing = 0;
		};
		365C6CF41B7E2D3C008D1368 /* Sources */ = {
			isa = PBXSourcesBuildPhase;
			buildActionMask = 2147483647;
			files = (
				365C6CFF1B7E2D3C008D1368 /* FlatButtonTests.m in Sources */,
			);
			runOnlyForDeploymentPostprocessing = 0;
		};
/* End PBXSourcesBuildPhase section */

/* Begin PBXTargetDependency section */
		365C6CFA1B7E2D3C008D1368 /* PBXTargetDependency */ = {
			isa = PBXTargetDependency;
			target = 365C6CDE1B7E2D3C008D1368 /* FlatButton */;
			targetProxy = 365C6CF91B7E2D3C008D1368 /* PBXContainerItemProxy */;
		};
/* End PBXTargetDependency section */

/* Begin PBXVariantGroup section */
		365C6CEC1B7E2D3C008D1368 /* Main.storyboard */ = {
			isa = PBXVariantGroup;
			children = (
				365C6CED1B7E2D3C008D1368 /* Base */,
			);
			name = Main.storyboard;
			sourceTree = "<group>";
		};
		365C6CF11B7E2D3C008D1368 /* LaunchScreen.xib */ = {
			isa = PBXVariantGroup;
			children = (
				365C6CF21B7E2D3C008D1368 /* Base */,
			);
			name = LaunchScreen.xib;
			sourceTree = "<group>";
		};
/* End PBXVariantGroup section */

/* Begin XCBuildConfiguration section */
		365C6D001B7E2D3C008D1368 /* Debug */ = {
			isa = XCBuildConfiguration;
			buildSettings = {
				ALWAYS_SEARCH_USER_PATHS = NO;
				CLANG_CXX_LANGUAGE_STANDARD = "gnu++0x";
				CLANG_CXX_LIBRARY = "libc++";
				CLANG_ENABLE_MODULES = YES;
				CLANG_ENABLE_OBJC_ARC = YES;
				CLANG_WARN_BOOL_CONVERSION = YES;
				CLANG_WARN_CONSTANT_CONVERSION = YES;
				CLANG_WARN_DIRECT_OBJC_ISA_USAGE = YES_ERROR;
				CLANG_WARN_EMPTY_BODY = YES;
				CLANG_WARN_ENUM_CONVERSION = YES;
				CLANG_WARN_INT_CONVERSION = YES;
				CLANG_WARN_OBJC_ROOT_CLASS = YES_ERROR;
				CLANG_WARN_UNREACHABLE_CODE = YES;
				CLANG_WARN__DUPLICATE_METHOD_MATCH = YES;
				"CODE_SIGN_IDENTITY[sdk=iphoneos*]" = "iPhone Developer";
				COPY_PHASE_STRIP = NO;
				DEBUG_INFORMATION_FORMAT = "dwarf-with-dsym";
				ENABLE_STRICT_OBJC_MSGSEND = YES;
				GCC_C_LANGUAGE_STANDARD = gnu99;
				GCC_DYNAMIC_NO_PIC = NO;
				GCC_NO_COMMON_BLOCKS = YES;
				GCC_OPTIMIZATION_LEVEL = 0;
				GCC_PREPROCESSOR_DEFINITIONS = (
					"DEBUG=1",
					"$(inherited)",
				);
				GCC_SYMBOLS_PRIVATE_EXTERN = NO;
				GCC_WARN_64_TO_32_BIT_CONVERSION = YES;
				GCC_WARN_ABOUT_RETURN_TYPE = YES_ERROR;
				GCC_WARN_UNDECLARED_SELECTOR = YES;
				GCC_WARN_UNINITIALIZED_AUTOS = YES_AGGRESSIVE;
				GCC_WARN_UNUSED_FUNCTION = YES;
				GCC_WARN_UNUSED_VARIABLE = YES;
				IPHONEOS_DEPLOYMENT_TARGET = 8.4;
				MTL_ENABLE_DEBUG_INFO = YES;
				ONLY_ACTIVE_ARCH = YES;
				SDKROOT = iphoneos;
			};
			name = Debug;
		};
		365C6D011B7E2D3C008D1368 /* Release */ = {
			isa = XCBuildConfiguration;
			buildSettings = {
				ALWAYS_SEARCH_USER_PATHS = NO;
				CLANG_CXX_LANGUAGE_STANDARD = "gnu++0x";
				CLANG_CXX_LIBRARY = "libc++";
				CLANG_ENABLE_MODULES = YES;
				CLANG_ENABLE_OBJC_ARC = YES;
				CLANG_WARN_BOOL_CONVERSION = YES;
				CLANG_WARN_CONSTANT_CONVERSION = YES;
				CLANG_WARN_DIRECT_OBJC_ISA_USAGE = YES_ERROR;
				CLANG_WARN_EMPTY_BODY = YES;
				CLANG_WARN_ENUM_CONVERSION = YES;
				CLANG_WARN_INT_CONVERSION = YES;
				CLANG_WARN_OBJC_ROOT_CLASS = YES_ERROR;
				CLANG_WARN_UNREACHABLE_CODE = YES;
				CLANG_WARN__DUPLICATE_METHOD_MATCH = YES;
				"CODE_SIGN_IDENTITY[sdk=iphoneos*]" = "iPhone Developer";
				COPY_PHASE_STRIP = NO;
				DEBUG_INFORMATION_FORMAT = "dwarf-with-dsym";
				ENABLE_NS_ASSERTIONS = NO;
				ENABLE_STRICT_OBJC_MSGSEND = YES;
				GCC_C_LANGUAGE_STANDARD = gnu99;
				GCC_NO_COMMON_BLOCKS = YES;
				GCC_WARN_64_TO_32_BIT_CONVERSION = YES;
				GCC_WARN_ABOUT_RETURN_TYPE = YES_ERROR;
				GCC_WARN_UNDECLARED_SELECTOR = YES;
				GCC_WARN_UNINITIALIZED_AUTOS = YES_AGGRESSIVE;
				GCC_WARN_UNUSED_FUNCTION = YES;
				GCC_WARN_UNUSED_VARIABLE = YES;
				IPHONEOS_DEPLOYMENT_TARGET = 8.4;
				MTL_ENABLE_DEBUG_INFO = NO;
				SDKROOT = iphoneos;
				VALIDATE_PRODUCT = YES;
			};
			name = Release;
		};
		365C6D031B7E2D3C008D1368 /* Debug */ = {
			isa = XCBuildConfiguration;
			buildSettings = {
				ASSETCATALOG_COMPILER_APPICON_NAME = AppIcon;
				INFOPLIST_FILE = FlatButton/Info.plist;
				LD_RUNPATH_SEARCH_PATHS = "$(inherited) @executable_path/Frameworks";
				PRODUCT_NAME = "$(TARGET_NAME)";
			};
			name = Debug;
		};
		365C6D041B7E2D3C008D1368 /* Release */ = {
			isa = XCBuildConfiguration;
			buildSettings = {
				ASSETCATALOG_COMPILER_APPICON_NAME = AppIcon;
				INFOPLIST_FILE = FlatButton/Info.plist;
				LD_RUNPATH_SEARCH_PATHS = "$(inherited) @executable_path/Frameworks";
				PRODUCT_NAME = "$(TARGET_NAME)";
			};
			name = Release;
		};
		365C6D061B7E2D3C008D1368 /* Debug */ = {
			isa = XCBuildConfiguration;
			buildSettings = {
				BUNDLE_LOADER = "$(TEST_HOST)";
				FRAMEWORK_SEARCH_PATHS = (
					"$(SDKROOT)/Developer/Library/Frameworks",
					"$(inherited)",
				);
				GCC_PREPROCESSOR_DEFINITIONS = (
					"DEBUG=1",
					"$(inherited)",
				);
				INFOPLIST_FILE = FlatButtonTests/Info.plist;
				LD_RUNPATH_SEARCH_PATHS = "$(inherited) @executable_path/Frameworks @loader_path/Frameworks";
				PRODUCT_NAME = "$(TARGET_NAME)";
				TEST_HOST = "$(BUILT_PRODUCTS_DIR)/FlatButton.app/FlatButton";
			};
			name = Debug;
		};
		365C6D071B7E2D3C008D1368 /* Release */ = {
			isa = XCBuildConfiguration;
			buildSettings = {
				BUNDLE_LOADER = "$(TEST_HOST)";
				FRAMEWORK_SEARCH_PATHS = (
					"$(SDKROOT)/Developer/Library/Frameworks",
					"$(inherited)",
				);
				INFOPLIST_FILE = FlatButtonTests/Info.plist;
				LD_RUNPATH_SEARCH_PATHS = "$(inherited) @executable_path/Frameworks @loader_path/Frameworks";
				PRODUCT_NAME = "$(TARGET_NAME)";
				TEST_HOST = "$(BUILT_PRODUCTS_DIR)/FlatButton.app/FlatButton";
			};
			name = Release;
		};
/* End XCBuildConfiguration section */

/* Begin XCConfigurationList section */
		365C6CDA1B7E2D3C008D1368 /* Build configuration list for PBXProject "FlatButton" */ = {
			isa = XCConfigurationList;
			buildConfigurations = (
				365C6D001B7E2D3C008D1368 /* Debug */,
				365C6D011B7E2D3C008D1368 /* Release */,
			);
			defaultConfigurationIsVisible = 0;
			defaultConfigurationName = Release;
		};
		365C6D021B7E2D3C008D1368 /* Build configuration list for PBXNativeTarget "FlatButton" */ = {
			isa = XCConfigurationList;
			buildConfigurations = (
				365C6D031B7E2D3C008D1368 /* Debug */,
				365C6D041B7E2D3C008D1368 /* Release */,
			);
			defaultConfigurationIsVisible = 0;
			defaultConfigurationName = Release;
		};
		365C6D051B7E2D3C008D1368 /* Build configuration list for PBXNativeTarget "FlatButtonTests" */ = {
			isa = XCConfigurationList;
			buildConfigurations = (
				365C6D061B7E2D3C008D1368 /* Debug */,
				365C6D071B7E2D3C008D1368 /* Release */,
			);
			defaultConfigurationIsVisible = 0;
			defaultConfigurationName = Release;
		};
/* End XCConfigurationList section */
	};
	rootObject = 365C6CD71B7E2D3C008D1368 /* Project object */;
}
